
Microsoft Visual Studio Solution File, Format Version 12.00
# Visual Studio 2013
VisualStudioVersion = 12.0.40629.0
MinimumVisualStudioVersion = 10.0.40219.1
Project("{FAE04EC0-301F-11D3-BF4B-00C04F79EFBC}") = "DatabaseConnectionTest", "DatabaseConnectionTest\DatabaseConnectionTest.csproj", "{CB679532-0428-463C-8BB0-E744BB3B374F}"
EndProject
Project("{FAE04EC0-301F-11D3-BF4B-00C04F79EFBC}") = "DatabaseConnection", "DatabaseConnection\DatabaseConnection.csproj", "{6F507E8E-6FA1-41F8-8DAC-9BB575C37031}"
EndProject
Project("{FAE04EC0-301F-11D3-BF4B-00C04F79EFBC}") = "DatabaseMvcWebApp", "DatabaseMvcWebApp\DatabaseMvcWebApp.csproj", "{DCBF609D-AF1D-4BEC-B146-48D32FF82043}"
EndProject
Global
	GlobalSection(SolutionConfigurationPlatforms) = preSolution
		Debug|Any CPU = Debug|Any CPU
		Release|Any CPU = Release|Any CPU
	EndGlobalSection
	GlobalSection(ProjectConfigurationPlatforms) = postSolution
		{CB679532-0428-463C-8BB0-E744BB3B374F}.Debug|Any CPU.ActiveCfg = Debug|Any CPU
		{CB679532-0428-463C-8BB0-E744BB3B374F}.Debug|Any CPU.Build.0 = Debug|Any CPU
		{CB679532-0428-463C-8BB0-E744BB3B374F}.Release|Any CPU.ActiveCfg = Release|Any CPU
		{CB679532-0428-463C-8BB0-E744BB3B374F}.Release|Any CPU.Build.0 = Release|Any CPU
		{6F507E8E-6FA1-41F8-8DAC-9BB575C37031}.Debug|Any CPU.ActiveCfg = Debug|Any CPU
		{6F507E8E-6FA1-41F8-8DAC-9BB575C37031}.Debug|Any CPU.Build.0 = Debug|Any CPU
		{6F507E8E-6FA1-41F8-8DAC-9BB575C37031}.Release|Any CPU.ActiveCfg = Release|Any CPU
		{6F507E8E-6FA1-41F8-8DAC-9BB575C37031}.Release|Any CPU.Build.0 = Release|Any CPU
		{DCBF609D-AF1D-4BEC-B146-48D32FF82043}.Debug|Any CPU.ActiveCfg = Debug|Any CPU
		{DCBF609D-AF1D-4BEC-B146-48D32FF82043}.Debug|Any CPU.Build.0 = Debug|Any CPU
		{DCBF609D-AF1D-4BEC-B146-48D32FF82043}.Release|Any CPU.ActiveCfg = Release|Any CPU
		{DCBF609D-AF1D-4BEC-B146-48D32FF82043}.Release|Any CPU.Build.0 = Release|Any CPU
	EndGlobalSection
	GlobalSection(SolutionProperties) = preSolution
		HideSolutionNode = FALSE
	EndGlobalSection
EndGlobal
